// !$*UTF8*$!
{
	archiveVersion = 1;
	classes = {
	};
	objectVersion = 50;
	objects = {

/* Begin PBXBuildFile section */
		9AA1C8A1240AD42700186646 /* AppDelegate.swift in Sources */ = {isa = PBXBuildFile; fileRef = 9AA1C8A0240AD42700186646 /* AppDelegate.swift */; };
		9AA1C8A5240AD42700186646 /* ViewController.swift in Sources */ = {isa = PBXBuildFile; fileRef = 9AA1C8A4240AD42700186646 /* ViewController.swift */; };
		9AA1C8A8240AD42700186646 /* Main.storyboard in Resources */ = {isa = PBXBuildFile; fileRef = 9AA1C8A6240AD42700186646 /* Main.storyboard */; };
		9AA1C8AA240AD42800186646 /* Icons.xcassets in Resources */ = {isa = PBXBuildFile; fileRef = 9AA1C8A9240AD42800186646 /* Icons.xcassets */; };
		9AA1C8AD240AD42800186646 /* LaunchScreen.storyboard in Resources */ = {isa = PBXBuildFile; fileRef = 9AA1C8AB240AD42800186646 /* LaunchScreen.storyboard */; };
		9AA1C8B5240AD7ED00186646 /* Symbols.xcassets in Resources */ = {isa = PBXBuildFile; fileRef = 9AA1C8B4240AD7ED00186646 /* Symbols.xcassets */; };
		9AA1C8B7240AF8A800186646 /* Images.xcassets in Resources */ = {isa = PBXBuildFile; fileRef = 9AA1C8B6240AF8A800186646 /* Images.xcassets */; };
/* End PBXBuildFile section */

/* Begin PBXFileReference section */
		9AA1C89D240AD42700186646 /* CustomSymbols.app */ = {isa = PBXFileReference; explicitFileType = wrapper.application; includeInIndex = 0; path = CustomSymbols.app; sourceTree = BUILT_PRODUCTS_DIR; };
		9AA1C8A0240AD42700186646 /* AppDelegate.swift */ = {isa = PBXFileReference; lastKnownFileType = sourcecode.swift; path = AppDelegate.swift; sourceTree = "<group>"; };
		9AA1C8A4240AD42700186646 /* ViewController.swift */ = {isa = PBXFileReference; lastKnownFileType = sourcecode.swift; path = ViewController.swift; sourceTree = "<group>"; };
		9AA1C8A7240AD42700186646 /* Base */ = {isa = PBXFileReference; lastKnownFileType = file.storyboard; name = Base; path = Base.lproj/Main.storyboard; sourceTree = "<group>"; };
		9AA1C8A9240AD42800186646 /* Icons.xcassets */ = {isa = PBXFileReference; lastKnownFileType = folder.assetcatalog; path = Icons.xcassets; sourceTree = "<group>"; };
		9AA1C8AC240AD42800186646 /* Base */ = {isa = PBXFileReference; lastKnownFileType = file.storyboard; name = Base; path = Base.lproj/LaunchScreen.storyboard; sourceTree = "<group>"; };
		9AA1C8AE240AD42800186646 /* Info.plist */ = {isa = PBXFileReference; lastKnownFileType = text.plist.xml; path = Info.plist; sourceTree = "<group>"; };
		9AA1C8B4240AD7ED00186646 /* Symbols.xcassets */ = {isa = PBXFileReference; lastKnownFileType = folder.assetcatalog; path = Symbols.xcassets; sourceTree = "<group>"; };
		9AA1C8B6240AF8A800186646 /* Images.xcassets */ = {isa = PBXFileReference; lastKnownFileType = folder.assetcatalog; path = Images.xcassets; sourceTree = "<group>"; };
/* End PBXFileReference section */

/* Begin PBXFrameworksBuildPhase section */
		9AA1C89A240AD42700186646 /* Frameworks */ = {
			isa = PBXFrameworksBuildPhase;
			buildActionMask = 2147483647;
			files = (
			);
			runOnlyForDeploymentPostprocessing = 0;
		};
/* End PBXFrameworksBuildPhase section */

/* Begin PBXGroup section */
		9AA1C894240AD42700186646 = {
			isa = PBXGroup;
			children = (
				9AA1C89F240AD42700186646 /* CustomSymbols */,
				9AA1C89E240AD42700186646 /* Products */,
			);
			sourceTree = "<group>";
		};
		9AA1C89E240AD42700186646 /* Products */ = {
			isa = PBXGroup;
			children = (
				9AA1C89D240AD42700186646 /* CustomSymbols.app */,
			);
			name = Products;
			sourceTree = "<group>";
		};
		9AA1C89F240AD42700186646 /* CustomSymbols */ = {
			isa = PBXGroup;
			children = (
				9AA1C8A0240AD42700186646 /* AppDelegate.swift */,
				9AA1C8A4240AD42700186646 /* ViewController.swift */,
				9AA1C8A6240AD42700186646 /* Main.storyboard */,
				9AA1C8B6240AF8A800186646 /* Images.xcassets */,
				9AA1C8B4240AD7ED00186646 /* Symbols.xcassets */,
				9AA1C8A9240AD42800186646 /* Icons.xcassets */,
				9AA1C8AB240AD42800186646 /* LaunchScreen.storyboard */,
				9AA1C8AE240AD42800186646 /* Info.plist */,
			);
			path = CustomSymbols;
			sourceTree = "<group>";
		};
/* End PBXGroup section */

/* Begin PBXNativeTarget section */
		9AA1C89C240AD42700186646 /* CustomSymbols */ = {
			isa = PBXNativeTarget;
			buildConfigurationList = 9AA1C8B1240AD42800186646 /* Build configuration list for PBXNativeTarget "CustomSymbols" */;
			buildPhases = (
				9AA1C899240AD42700186646 /* Sources */,
				9AA1C89A240AD42700186646 /* Frameworks */,
				9AA1C89B240AD42700186646 /* Resources */,
			);
			buildRules = (
			);
			dependencies = (
			);
			name = CustomSymbols;
			productName = CustomSymbols;
			productReference = 9AA1C89D240AD42700186646 /* CustomSymbols.app */;
			productType = "com.apple.product-type.application";
		};
/* End PBXNativeTarget section */

/* Begin PBXProject section */
		9AA1C895240AD42700186646 /* Project object */ = {
			isa = PBXProject;
			attributes = {
				LastSwiftUpdateCheck = 1130;
				LastUpgradeCheck = 1130;
				ORGANIZATIONNAME = "Roderic Linguri";
				TargetAttributes = {
					9AA1C89C240AD42700186646 = {
						CreatedOnToolsVersion = 11.3.1;
					};
				};
			};
			buildConfigurationList = 9AA1C898240AD42700186646 /* Build configuration list for PBXProject "CustomSymbols" */;
			compatibilityVersion = "Xcode 9.3";
			developmentRegion = en;
			hasScannedForEncodings = 0;
			knownRegions = (
				en,
				Base,
			);
			mainGroup = 9AA1C894240AD42700186646;
			productRefGroup = 9AA1C89E240AD42700186646 /* Products */;
			projectDirPath = "";
			projectRoot = "";
			targets = (
				9AA1C89C240AD42700186646 /* CustomSymbols */,
			);
		};
/* End PBXProject section */

/* Begin PBXResourcesBuildPhase section */
		9AA1C89B240AD42700186646 /* Resources */ = {
			isa = PBXResourcesBuildPhase;
			buildActionMask = 2147483647;
			files = (
				9AA1C8AD240AD42800186646 /* LaunchScreen.storyboard in Resources */,
				9AA1C8B7240AF8A800186646 /* Images.xcassets in Resources */,
				9AA1C8B5240AD7ED00186646 /* Symbols.xcassets in Resources */,
				9AA1C8AA240AD42800186646 /* Icons.xcassets in Resources */,
				9AA1C8A8240AD42700186646 /* Main.storyboard in Resources */,
			);
			runOnlyForDeploymentPostprocessing = 0;
		};
/* End PBXResourcesBuildPhase section */

/* Begin PBXSourcesBuildPhase section */
		9AA1C899240AD42700186646 /* Sources */ = {
			isa = PBXSourcesBuildPhase;
			buildActionMask = 2147483647;
			files = (
				9AA1C8A5240AD42700186646 /* ViewController.swift in Sources */,
				9AA1C8A1240AD42700186646 /* AppDelegate.swift in Sources */,
			);
			runOnlyForDeploymentPostprocessing = 0;
		};
/* End PBXSourcesBuildPhase section */

/* Begin PBXVariantGroup section */
		9AA1C8A6240AD42700186646 /* Main.storyboard */ = {
			isa = PBXVariantGroup;
			children = (
				9AA1C8A7240AD42700186646 /* Base */,
			);
			name = Main.storyboard;
			sourceTree = "<group>";
		};
		9AA1C8AB240AD42800186646 /* LaunchScreen.storyboard */ = {
			isa = PBXVariantGroup;
			children = (
				9AA1C8AC240AD42800186646 /* Base */,
			);
			name = LaunchScreen.storyboard;
			sourceTree = "<group>";
		};
/* End PBXVariantGroup section */

/* Begin XCBuildConfiguration section */
		9AA1C8AF240AD42800186646 /* Debug */ = {
			isa = XCBuildConfiguration;
			buildSettings = {
				ALWAYS_SEARCH_USER_PATHS = NO;
				CLANG_ANALYZER_NONNULL = YES;
				CLANG_ANALYZER_NUMBER_OBJECT_CONVERSION = YES_AGGRESSIVE;
				CLANG_CXX_LANGUAGE_STANDARD = "gnu++14";
				CLANG_CXX_LIBRARY = "libc++";
				CLANG_ENABLE_MODULES = YES;
				CLANG_ENABLE_OBJC_ARC = YES;
				CLANG_ENABLE_OBJC_WEAK = YES;
				CLANG_WARN_BLOCK_CAPTURE_AUTORELEASING = YES;
				CLANG_WARN_BOOL_CONVERSION = YES;
				CLANG_WARN_COMMA = YES;
				CLANG_WARN_CONSTANT_CONVERSION = YES;
				CLANG_WARN_DEPRECATED_OBJC_IMPLEMENTATIONS = YES;
				CLANG_WARN_DIRECT_OBJC_ISA_USAGE = YES_ERROR;
				CLANG_WARN_DOCUMENTATION_COMMENTS = YES;
				CLANG_WARN_EMPTY_BODY = YES;
				CLANG_WARN_ENUM_CONVERSION = YES;
				CLANG_WARN_INFINITE_RECURSION = YES;
				CLANG_WARN_INT_CONVERSION = YES;
				CLANG_WARN_NON_LITERAL_NULL_CONVERSION = YES;
				CLANG_WARN_OBJC_IMPLICIT_RETAIN_SELF = YES;
				CLANG_WARN_OBJC_LITERAL_CONVERSION = YES;
				CLANG_WARN_OBJC_ROOT_CLASS = YES_ERROR;
				CLANG_WARN_RANGE_LOOP_ANALYSIS = YES;
				CLANG_WARN_STRICT_PROTOTYPES = YES;
				CLANG_WARN_SUSPICIOUS_MOVE = YES;
				CLANG_WARN_UNGUARDED_AVAILABILITY = YES_AGGRESSIVE;
				CLANG_WARN_UNREACHABLE_CODE = YES;
				CLANG_WARN__DUPLICATE_METHOD_MATCH = YES;
				COPY_PHASE_STRIP = NO;
				DEBUG_INFORMATION_FORMAT = dwarf;
				ENABLE_STRICT_OBJC_MSGSEND = YES;
				ENABLE_TESTABILITY = YES;
				GCC_C_LANGUAGE_STANDARD = gnu11;
				GCC_DYNAMIC_NO_PIC = NO;
				GCC_NO_COMMON_BLOCKS = YES;
				GCC_OPTIMIZATION_LEVEL = 0;
				GCC_PREPROCESSOR_DEFINITIONS = (
					"DEBUG=1",
					"$(inherited)",
				);
				GCC_WARN_64_TO_32_BIT_CONVERSION = YES;
				GCC_WARN_ABOUT_RETURN_TYPE = YES_ERROR;
				GCC_WARN_UNDECLARED_SELECTOR = YES;
				GCC_WARN_UNINITIALIZED_AUTOS = YES_AGGRESSIVE;
				GCC_WARN_UNUSED_FUNCTION = YES;
				GCC_WARN_UNUSED_VARIABLE = YES;
				IPHONEOS_DEPLOYMENT_TARGET = 13.2;
				MTL_ENABLE_DEBUG_INFO = INCLUDE_SOURCE;
				MTL_FAST_MATH = YES;
				ONLY_ACTIVE_ARCH = YES;
				SDKROOT = iphoneos;
				SWIFT_ACTIVE_COMPILATION_CONDITIONS = DEBUG;
				SWIFT_OPTIMIZATION_LEVEL = "-Onone";
			};
			name = Debug;
		};
		9AA1C8B0240AD42800186646 /* Release */ = {
			isa = XCBuildConfiguration;
			buildSettings = {
				ALWAYS_SEARCH_USER_PATHS = NO;
				CLANG_ANALYZER_NONNULL = YES;
				CLANG_ANALYZER_NUMBER_OBJECT_CONVERSION = YES_AGGRESSIVE;
				CLANG_CXX_LANGUAGE_STANDARD = "gnu++14";
				CLANG_CXX_LIBRARY = "libc++";
				CLANG_ENABLE_MODULES = YES;
				CLANG_ENABLE_OBJC_ARC = YES;
				CLANG_ENABLE_OBJC_WEAK = YES;
				CLANG_WARN_BLOCK_CAPTURE_AUTORELEASING = YES;
				CLANG_WARN_BOOL_CONVERSION = YES;
				CLANG_WARN_COMMA = YES;
				CLANG_WARN_CONSTANT_CONVERSION = YES;
				CLANG_WARN_DEPRECATED_OBJC_IMPLEMENTATIONS = YES;
				CLANG_WARN_DIRECT_OBJC_ISA_USAGE = YES_ERROR;
				CLANG_WARN_DOCUMENTATION_COMMENTS = YES;
				CLANG_WARN_EMPTY_BODY = YES;
				CLANG_WARN_ENUM_CONVERSION = YES;
				CLANG_WARN_INFINITE_RECURSION = YES;
				CLANG_WARN_INT_CONVERSION = YES;
				CLANG_WARN_NON_LITERAL_NULL_CONVERSION = YES;
				CLANG_WARN_OBJC_IMPLICIT_RETAIN_SELF = YES;
				CLANG_WARN_OBJC_LITERAL_CONVERSION = YES;
				CLANG_WARN_OBJC_ROOT_CLASS = YES_ERROR;
				CLANG_WARN_RANGE_LOOP_ANALYSIS = YES;
				CLANG_WARN_STRICT_PROTOTYPES = YES;
				CLANG_WARN_SUSPICIOUS_MOVE = YES;
				CLANG_WARN_UNGUARDED_AVAILABILITY = YES_AGGRESSIVE;
				CLANG_WARN_UNREACHABLE_CODE = YES;
				CLANG_WARN__DUPLICATE_METHOD_MATCH = YES;
				COPY_PHASE_STRIP = NO;
				DEBUG_INFORMATION_FORMAT = "dwarf-with-dsym";
				ENABLE_NS_ASSERTIONS = NO;
				ENABLE_STRICT_OBJC_MSGSEND = YES;
				GCC_C_LANGUAGE_STANDARD = gnu11;
				GCC_NO_COMMON_BLOCKS = YES;
				GCC_WARN_64_TO_32_BIT_CONVERSION = YES;
				GCC_WARN_ABOUT_RETURN_TYPE = YES_ERROR;
				GCC_WARN_UNDECLARED_SELECTOR = YES;
				GCC_WARN_UNINITIALIZED_AUTOS = YES_AGGRESSIVE;
				GCC_WARN_UNUSED_FUNCTION = YES;
				GCC_WARN_UNUSED_VARIABLE = YES;
				IPHONEOS_DEPLOYMENT_TARGET = 13.2;
				MTL_ENABLE_DEBUG_INFO = NO;
				MTL_FAST_MATH = YES;
				SDKROOT = iphoneos;
				SWIFT_COMPILATION_MODE = wholemodule;
				SWIFT_OPTIMIZATION_LEVEL = "-O";
				VALIDATE_PRODUCT = YES;
			};
			name = Release;
		};
		9AA1C8B2240AD42800186646 /* Debug */ = {
			isa = XCBuildConfiguration;
			buildSettings = {
				ASSETCATALOG_COMPILER_APPICON_NAME = AppIcon;
				CODE_SIGN_STYLE = Automatic;
				DEVELOPMENT_TEAM = 25TP7657QT;
				INFOPLIST_FILE = CustomSymbols/Info.plist;
				LD_RUNPATH_SEARCH_PATHS = (
					"$(inherited)",
					"@executable_path/Frameworks",
				);
				PRODUCT_BUNDLE_IDENTIFIER = com.linguri.CustomSymbols;
				PRODUCT_NAME = "$(TARGET_NAME)";
				SWIFT_VERSION = 5.0;
				TARGETED_DEVICE_FAMILY = "1,2";
			};
			name = Debug;
		};
		9AA1C8B3240AD42800186646 /* Release */ = {
			isa = XCBuildConfiguration;
			buildSettings = {
				ASSETCATALOG_COMPILER_APPICON_NAME = AppIcon;
				CODE_SIGN_STYLE = Automatic;
				DEVELOPMENT_TEAM = 25TP7657QT;
				INFOPLIST_FILE = CustomSymbols/Info.plist;
				LD_RUNPATH_SEARCH_PATHS = (
					"$(inherited)",
					"@executable_path/Frameworks",
				);
				PRODUCT_BUNDLE_IDENTIFIER = com.linguri.CustomSymbols;
				PRODUCT_NAME = "$(TARGET_NAME)";
				SWIFT_VERSION = 5.0;
				TARGETED_DEVICE_FAMILY = "1,2";
			};
			name = Release;
		};
/* End XCBuildConfiguration section */

/* Begin XCConfigurationList section */
		9AA1C898240AD42700186646 /* Build configuration list for PBXProject "CustomSymbols" */ = {
			isa = XCConfigurationList;
			buildConfigurations = (
				9AA1C8AF240AD42800186646 /* Debug */,
				9AA1C8B0240AD42800186646 /* Release */,
			);
			defaultConfigurationIsVisible = 0;
			defaultConfigurationName = Release;
		};
		9AA1C8B1240AD42800186646 /* Build configuration list for PBXNativeTarget "CustomSymbols" */ = {
			isa = XCConfigurationList;
			buildConfigurations = (
				9AA1C8B2240AD42800186646 /* Debug */,
				9AA1C8B3240AD42800186646 /* Release */,
			);
			defaultConfigurationIsVisible = 0;
			defaultConfigurationName = Release;
		};
/* End XCConfigurationList section */
	};
	rootObject = 9AA1C895240AD42700186646 /* Project object */;
}
